// !$*UTF8*$!
{
	archiveVersion = 1;
	classes = {
	};
	objectVersion = 46;
	objects = {

/* Begin PBXBuildFile section */
		3323E7A21874F0F20080EFE2 /* Cocoa.framework in Frameworks */ = {isa = PBXBuildFile; fileRef = 3323E7A11874F0F20080EFE2 /* Cocoa.framework */; };
		3323E7CC1874F1150080EFE2 /* NSView+ConstraintGetters.h in Headers */ = {isa = PBXBuildFile; fileRef = 3323E7C81874F1150080EFE2 /* NSView+ConstraintGetters.h */; };
		3323E7CD1874F1150080EFE2 /* NSView+ConstraintGetters.m in Sources */ = {isa = PBXBuildFile; fileRef = 3323E7C91874F1150080EFE2 /* NSView+ConstraintGetters.m */; };
		3323E7CE1874F1150080EFE2 /* NSView+SuperConstraints.h in Headers */ = {isa = PBXBuildFile; fileRef = 3323E7CA1874F1150080EFE2 /* NSView+SuperConstraints.h */; };
		3323E7CF1874F1150080EFE2 /* NSView+SuperConstraints.m in Sources */ = {isa = PBXBuildFile; fileRef = 3323E7CB1874F1150080EFE2 /* NSView+SuperConstraints.m */; };
		F29B80850B69740372540268 /* NSView+SiblingConstraints.m in Sources */ = {isa = PBXBuildFile; fileRef = F29B8B26FBA82F613A6439CA /* NSView+SiblingConstraints.m */; };
		F29B860A1945122A369B41F9 /* NSView+SiblingConstraints.h in Headers */ = {isa = PBXBuildFile; fileRef = F29B82DA216CCF9123735563 /* NSView+SiblingConstraints.h */; };
		F29B8A15AF20DDF6917F49A5 /* NSView+SuperConstaintGetters.h in Headers */ = {isa = PBXBuildFile; fileRef = F29B8E5EFBAE49F31831259F /* NSView+SuperConstaintGetters.h */; };
		F29B8A6C75678F371FFD38E8 /* NSView+ConstraintModifiers.m in Sources */ = {isa = PBXBuildFile; fileRef = F29B889480A0ED04EC9308BF /* NSView+ConstraintModifiers.m */; };
		F29B8C0591443565B86825AD /* NSView+SuperConstaintGetters.m in Sources */ = {isa = PBXBuildFile; fileRef = F29B87CD13B70FB721E2183B /* NSView+SuperConstaintGetters.m */; };
		F29B8D4EAA05D814FDD62FC1 /* NSView+ConstraintModifiers.h in Headers */ = {isa = PBXBuildFile; fileRef = F29B899B25073579B0E1D5B0 /* NSView+ConstraintModifiers.h */; };
/* End PBXBuildFile section */

/* Begin PBXFileReference section */
		3323E79E1874F0F20080EFE2 /* libNSView-DPAutolayout.a */ = {isa = PBXFileReference; explicitFileType = archive.ar; includeInIndex = 0; path = "libNSView-DPAutolayout.a"; sourceTree = BUILT_PRODUCTS_DIR; };
		3323E7A11874F0F20080EFE2 /* Cocoa.framework */ = {isa = PBXFileReference; lastKnownFileType = wrapper.framework; name = Cocoa.framework; path = System/Library/Frameworks/Cocoa.framework; sourceTree = SDKROOT; };
		3323E7A41874F0F20080EFE2 /* Foundation.framework */ = {isa = PBXFileReference; lastKnownFileType = wrapper.framework; name = Foundation.framework; path = System/Library/Frameworks/Foundation.framework; sourceTree = SDKROOT; };
		3323E7A51874F0F20080EFE2 /* CoreData.framework */ = {isa = PBXFileReference; lastKnownFileType = wrapper.framework; name = CoreData.framework; path = System/Library/Frameworks/CoreData.framework; sourceTree = SDKROOT; };
		3323E7A61874F0F20080EFE2 /* AppKit.framework */ = {isa = PBXFileReference; lastKnownFileType = wrapper.framework; name = AppKit.framework; path = System/Library/Frameworks/AppKit.framework; sourceTree = SDKROOT; };
		3323E7A91874F0F20080EFE2 /* NSView-DPAutolayout-Prefix.pch */ = {isa = PBXFileReference; lastKnownFileType = sourcecode.c.h; path = "NSView-DPAutolayout-Prefix.pch"; sourceTree = "<group>"; };
		3323E7B21874F0F20080EFE2 /* XCTest.framework */ = {isa = PBXFileReference; lastKnownFileType = wrapper.framework; name = XCTest.framework; path = Library/Frameworks/XCTest.framework; sourceTree = DEVELOPER_DIR; };
		3323E7C81874F1150080EFE2 /* NSView+ConstraintGetters.h */ = {isa = PBXFileReference; fileEncoding = 4; lastKnownFileType = sourcecode.c.h; path = "NSView+ConstraintGetters.h"; sourceTree = "<group>"; };
		3323E7C91874F1150080EFE2 /* NSView+ConstraintGetters.m */ = {isa = PBXFileReference; fileEncoding = 4; lastKnownFileType = sourcecode.c.objc; path = "NSView+ConstraintGetters.m"; sourceTree = "<group>"; };
		3323E7CA1874F1150080EFE2 /* NSView+SuperConstraints.h */ = {isa = PBXFileReference; fileEncoding = 4; lastKnownFileType = sourcecode.c.h; path = "NSView+SuperConstraints.h"; sourceTree = "<group>"; };
		3323E7CB1874F1150080EFE2 /* NSView+SuperConstraints.m */ = {isa = PBXFileReference; fileEncoding = 4; lastKnownFileType = sourcecode.c.objc; path = "NSView+SuperConstraints.m"; sourceTree = "<group>"; };
		F29B82DA216CCF9123735563 /* NSView+SiblingConstraints.h */ = {isa = PBXFileReference; fileEncoding = 4; lastKnownFileType = sourcecode.c.h; path = "NSView+SiblingConstraints.h"; sourceTree = "<group>"; };
		F29B87CD13B70FB721E2183B /* NSView+SuperConstaintGetters.m */ = {isa = PBXFileReference; fileEncoding = 4; lastKnownFileType = sourcecode.c.objc; path = "NSView+SuperConstaintGetters.m"; sourceTree = "<group>"; };
		F29B889480A0ED04EC9308BF /* NSView+ConstraintModifiers.m */ = {isa = PBXFileReference; fileEncoding = 4; lastKnownFileType = sourcecode.c.objc; path = "NSView+ConstraintModifiers.m"; sourceTree = "<group>"; };
		F29B899B25073579B0E1D5B0 /* NSView+ConstraintModifiers.h */ = {isa = PBXFileReference; fileEncoding = 4; lastKnownFileType = sourcecode.c.h; path = "NSView+ConstraintModifiers.h"; sourceTree = "<group>"; };
		F29B8B26FBA82F613A6439CA /* NSView+SiblingConstraints.m */ = {isa = PBXFileReference; fileEncoding = 4; lastKnownFileType = sourcecode.c.objc; path = "NSView+SiblingConstraints.m"; sourceTree = "<group>"; };
		F29B8E5EFBAE49F31831259F /* NSView+SuperConstaintGetters.h */ = {isa = PBXFileReference; fileEncoding = 4; lastKnownFileType = sourcecode.c.h; path = "NSView+SuperConstaintGetters.h"; sourceTree = "<group>"; };
/* End PBXFileReference section */

/* Begin PBXFrameworksBuildPhase section */
		3323E79B1874F0F20080EFE2 /* Frameworks */ = {
			isa = PBXFrameworksBuildPhase;
			buildActionMask = 2147483647;
			files = (
				3323E7A21874F0F20080EFE2 /* Cocoa.framework in Frameworks */,
			);
			runOnlyForDeploymentPostprocessing = 0;
		};
/* End PBXFrameworksBuildPhase section */

/* Begin PBXGroup section */
		3323E7951874F0F20080EFE2 = {
			isa = PBXGroup;
			children = (
				3323E7A71874F0F20080EFE2 /* NSView-DPAutolayout */,
				3323E7A01874F0F20080EFE2 /* Frameworks */,
				3323E79F1874F0F20080EFE2 /* Products */,
			);
			sourceTree = "<group>";
		};
		3323E79F1874F0F20080EFE2 /* Products */ = {
			isa = PBXGroup;
			children = (
				3323E79E1874F0F20080EFE2 /* libNSView-DPAutolayout.a */,
			);
			name = Products;
			sourceTree = "<group>";
		};
		3323E7A01874F0F20080EFE2 /* Frameworks */ = {
			isa = PBXGroup;
			children = (
				3323E7A11874F0F20080EFE2 /* Cocoa.framework */,
				3323E7B21874F0F20080EFE2 /* XCTest.framework */,
				3323E7A31874F0F20080EFE2 /* Other Frameworks */,
			);
			name = Frameworks;
			sourceTree = "<group>";
		};
		3323E7A31874F0F20080EFE2 /* Other Frameworks */ = {
			isa = PBXGroup;
			children = (
				3323E7A41874F0F20080EFE2 /* Foundation.framework */,
				3323E7A51874F0F20080EFE2 /* CoreData.framework */,
				3323E7A61874F0F20080EFE2 /* AppKit.framework */,
			);
			name = "Other Frameworks";
			sourceTree = "<group>";
		};
		3323E7A71874F0F20080EFE2 /* NSView-DPAutolayout */ = {
			isa = PBXGroup;
			children = (
				3323E7C81874F1150080EFE2 /* NSView+ConstraintGetters.h */,
				3323E7C91874F1150080EFE2 /* NSView+ConstraintGetters.m */,
				3323E7CA1874F1150080EFE2 /* NSView+SuperConstraints.h */,
				3323E7CB1874F1150080EFE2 /* NSView+SuperConstraints.m */,
				3323E7A81874F0F20080EFE2 /* Supporting Files */,
				F29B87CD13B70FB721E2183B /* NSView+SuperConstaintGetters.m */,
				F29B8E5EFBAE49F31831259F /* NSView+SuperConstaintGetters.h */,
				F29B889480A0ED04EC9308BF /* NSView+ConstraintModifiers.m */,
				F29B899B25073579B0E1D5B0 /* NSView+ConstraintModifiers.h */,
				F29B8B26FBA82F613A6439CA /* NSView+SiblingConstraints.m */,
				F29B82DA216CCF9123735563 /* NSView+SiblingConstraints.h */,
			);
			path = "NSView-DPAutolayout";
			sourceTree = "<group>";
		};
		3323E7A81874F0F20080EFE2 /* Supporting Files */ = {
			isa = PBXGroup;
			children = (
				3323E7A91874F0F20080EFE2 /* NSView-DPAutolayout-Prefix.pch */,
			);
			name = "Supporting Files";
			sourceTree = "<group>";
		};
/* End PBXGroup section */

/* Begin PBXHeadersBuildPhase section */
		3323E79C1874F0F20080EFE2 /* Headers */ = {
			isa = PBXHeadersBuildPhase;
			buildActionMask = 2147483647;
			files = (
				3323E7CC1874F1150080EFE2 /* NSView+ConstraintGetters.h in Headers */,
				3323E7CE1874F1150080EFE2 /* NSView+SuperConstraints.h in Headers */,
				F29B8A15AF20DDF6917F49A5 /* NSView+SuperConstaintGetters.h in Headers */,
				F29B8D4EAA05D814FDD62FC1 /* NSView+ConstraintModifiers.h in Headers */,
				F29B860A1945122A369B41F9 /* NSView+SiblingConstraints.h in Headers */,
			);
			runOnlyForDeploymentPostprocessing = 0;
		};
/* End PBXHeadersBuildPhase section */

/* Begin PBXNativeTarget section */
		3323E79D1874F0F20080EFE2 /* NSView-DPAutolayout */ = {
			isa = PBXNativeTarget;
			buildConfigurationList = 3323E7C21874F0F20080EFE2 /* Build configuration list for PBXNativeTarget "NSView-DPAutolayout" */;
			buildPhases = (
				3323E79A1874F0F20080EFE2 /* Sources */,
				3323E79B1874F0F20080EFE2 /* Frameworks */,
				3323E79C1874F0F20080EFE2 /* Headers */,
			);
			buildRules = (
			);
			dependencies = (
			);
			name = "NSView-DPAutolayout";
			productName = "NSView-DPAutolayout";
			productReference = 3323E79E1874F0F20080EFE2 /* libNSView-DPAutolayout.a */;
			productType = "com.apple.product-type.library.static";
		};
/* End PBXNativeTarget section */

/* Begin PBXProject section */
		3323E7961874F0F20080EFE2 /* Project object */ = {
			isa = PBXProject;
			attributes = {
				LastUpgradeCheck = 0500;
				ORGANIZATIONNAME = "Dani Postigo";
			};
			buildConfigurationList = 3323E7991874F0F20080EFE2 /* Build configuration list for PBXProject "NSView-DPAutolayout" */;
			compatibilityVersion = "Xcode 3.2";
			developmentRegion = English;
			hasScannedForEncodings = 0;
			knownRegions = (
				en,
			);
			mainGroup = 3323E7951874F0F20080EFE2;
			productRefGroup = 3323E79F1874F0F20080EFE2 /* Products */;
			projectDirPath = "";
			projectRoot = "";
			targets = (
				3323E79D1874F0F20080EFE2 /* NSView-DPAutolayout */,
			);
		};
/* End PBXProject section */

/* Begin PBXSourcesBuildPhase section */
		3323E79A1874F0F20080EFE2 /* Sources */ = {
			isa = PBXSourcesBuildPhase;
			buildActionMask = 2147483647;
			files = (
				3323E7CF1874F1150080EFE2 /* NSView+SuperConstraints.m in Sources */,
				3323E7CD1874F1150080EFE2 /* NSView+ConstraintGetters.m in Sources */,
				F29B8C0591443565B86825AD /* NSView+SuperConstaintGetters.m in Sources */,
				F29B8A6C75678F371FFD38E8 /* NSView+ConstraintModifiers.m in Sources */,
				F29B80850B69740372540268 /* NSView+SiblingConstraints.m in Sources */,
			);
			runOnlyForDeploymentPostprocessing = 0;
		};
/* End PBXSourcesBuildPhase section */

/* Begin XCBuildConfiguration section */
		3323E7C01874F0F20080EFE2 /* Debug */ = {
			isa = XCBuildConfiguration;
			buildSettings = {
				ALWAYS_SEARCH_USER_PATHS = NO;
				CLANG_CXX_LANGUAGE_STANDARD = "gnu++0x";
				CLANG_CXX_LIBRARY = "libc++";
				CLANG_ENABLE_OBJC_ARC = YES;
				CLANG_WARN_BOOL_CONVERSION = YES;
				CLANG_WARN_CONSTANT_CONVERSION = YES;
				CLANG_WARN_DIRECT_OBJC_ISA_USAGE = YES_ERROR;
				CLANG_WARN_EMPTY_BODY = YES;
				CLANG_WARN_ENUM_CONVERSION = YES;
				CLANG_WARN_INT_CONVERSION = YES;
				CLANG_WARN_OBJC_ROOT_CLASS = YES_ERROR;
				CLANG_WARN__DUPLICATE_METHOD_MATCH = YES;
				COPY_PHASE_STRIP = NO;
				GCC_C_LANGUAGE_STANDARD = gnu99;
				GCC_DYNAMIC_NO_PIC = NO;
				GCC_ENABLE_OBJC_EXCEPTIONS = YES;
				GCC_OPTIMIZATION_LEVEL = 0;
				GCC_PREPROCESSOR_DEFINITIONS = (
					"DEBUG=1",
					"$(inherited)",
				);
				GCC_SYMBOLS_PRIVATE_EXTERN = NO;
				GCC_WARN_64_TO_32_BIT_CONVERSION = YES;
				GCC_WARN_ABOUT_RETURN_TYPE = YES_ERROR;
				GCC_WARN_UNDECLARED_SELECTOR = YES;
				GCC_WARN_UNINITIALIZED_AUTOS = YES;
				GCC_WARN_UNUSED_FUNCTION = YES;
				GCC_WARN_UNUSED_VARIABLE = YES;
				MACOSX_DEPLOYMENT_TARGET = 10.9;
				ONLY_ACTIVE_ARCH = YES;
				SDKROOT = macosx;
			};
			name = Debug;
		};
		3323E7C11874F0F20080EFE2 /* Release */ = {
			isa = XCBuildConfiguration;
			buildSettings = {
				ALWAYS_SEARCH_USER_PATHS = NO;
				CLANG_CXX_LANGUAGE_STANDARD = "gnu++0x";
				CLANG_CXX_LIBRARY = "libc++";
				CLANG_ENABLE_OBJC_ARC = YES;
				CLANG_WARN_BOOL_CONVERSION = YES;
				CLANG_WARN_CONSTANT_CONVERSION = YES;
				CLANG_WARN_DIRECT_OBJC_ISA_USAGE = YES_ERROR;
				CLANG_WARN_EMPTY_BODY = YES;
				CLANG_WARN_ENUM_CONVERSION = YES;
				CLANG_WARN_INT_CONVERSION = YES;
				CLANG_WARN_OBJC_ROOT_CLASS = YES_ERROR;
				CLANG_WARN__DUPLICATE_METHOD_MATCH = YES;
				COPY_PHASE_STRIP = YES;
				DEBUG_INFORMATION_FORMAT = "dwarf-with-dsym";
				ENABLE_NS_ASSERTIONS = NO;
				GCC_C_LANGUAGE_STANDARD = gnu99;
				GCC_ENABLE_OBJC_EXCEPTIONS = YES;
				GCC_WARN_64_TO_32_BIT_CONVERSION = YES;
				GCC_WARN_ABOUT_RETURN_TYPE = YES_ERROR;
				GCC_WARN_UNDECLARED_SELECTOR = YES;
				GCC_WARN_UNINITIALIZED_AUTOS = YES;
				GCC_WARN_UNUSED_FUNCTION = YES;
				GCC_WARN_UNUSED_VARIABLE = YES;
				MACOSX_DEPLOYMENT_TARGET = 10.9;
				SDKROOT = macosx;
			};
			name = Release;
		};
		3323E7C31874F0F20080EFE2 /* Debug */ = {
			isa = XCBuildConfiguration;
			buildSettings = {
				GCC_PRECOMPILE_PREFIX_HEADER = YES;
				GCC_PREFIX_HEADER = "NSView-DPAutolayout/NSView-DPAutolayout-Prefix.pch";
				PRODUCT_NAME = "$(TARGET_NAME)";
			};
			name = Debug;
		};
		3323E7C41874F0F20080EFE2 /* Release */ = {
			isa = XCBuildConfiguration;
			buildSettings = {
				GCC_PRECOMPILE_PREFIX_HEADER = YES;
				GCC_PREFIX_HEADER = "NSView-DPAutolayout/NSView-DPAutolayout-Prefix.pch";
				PRODUCT_NAME = "$(TARGET_NAME)";
			};
			name = Release;
		};
/* End XCBuildConfiguration section */

/* Begin XCConfigurationList section */
		3323E7991874F0F20080EFE2 /* Build configuration list for PBXProject "NSView-DPAutolayout" */ = {
			isa = XCConfigurationList;
			buildConfigurations = (
				3323E7C01874F0F20080EFE2 /* Debug */,
				3323E7C11874F0F20080EFE2 /* Release */,
			);
			defaultConfigurationIsVisible = 0;
			defaultConfigurationName = Release;
		};
		3323E7C21874F0F20080EFE2 /* Build configuration list for PBXNativeTarget "NSView-DPAutolayout" */ = {
			isa = XCConfigurationList;
			buildConfigurations = (
				3323E7C31874F0F20080EFE2 /* Debug */,
				3323E7C41874F0F20080EFE2 /* Release */,
			);
			defaultConfigurationIsVisible = 0;
		};
/* End XCConfigurationList section */
	};
	rootObject = 3323E7961874F0F20080EFE2 /* Project object */;
}
